
Microsoft Visual Studio Solution File, Format Version 12.00
# Visual Studio Version 17
VisualStudioVersion = 17.0.31903.59
MinimumVisualStudioVersion = 10.0.40219.1
Project("{2150E333-8FDC-42A3-9474-1A3956D46DE8}") = "src", "src", "{B1F42A80-22E8-40C0-9D12-0BD556020F49}"
EndProject
Project("{FAE04EC0-301F-11D3-BF4B-00C04F79EFBC}") = "Redirector", "src\Redirector\Redirector.csproj", "{9F026276-ECE3-4FF7-BEE3-5C7EF3437620}"
EndProject
Project("{2150E333-8FDC-42A3-9474-1A3956D46DE8}") = "tests", "tests", "{A5A64160-B1D2-41B6-8009-566E318A7B80}"
EndProject
Project("{FAE04EC0-301F-11D3-BF4B-00C04F79EFBC}") = "Redirector.Tests", "tests\Redirector.Tests\Redirector.Tests.csproj", "{6D51253C-FA8C-4DC1-A53D-266E380D7408}"
EndProject
Global
	GlobalSection(SolutionConfigurationPlatforms) = preSolution
		Debug|Any CPU = Debug|Any CPU
		Release|Any CPU = Release|Any CPU
	EndGlobalSection
	GlobalSection(SolutionProperties) = preSolution
		HideSolutionNode = FALSE
	EndGlobalSection
	GlobalSection(ProjectConfigurationPlatforms) = postSolution
		{9F026276-ECE3-4FF7-BEE3-5C7EF3437620}.Debug|Any CPU.ActiveCfg = Debug|Any CPU
		{9F026276-ECE3-4FF7-BEE3-5C7EF3437620}.Debug|Any CPU.Build.0 = Debug|Any CPU
		{9F026276-ECE3-4FF7-BEE3-5C7EF3437620}.Release|Any CPU.ActiveCfg = Release|Any CPU
		{9F026276-ECE3-4FF7-BEE3-5C7EF3437620}.Release|Any CPU.Build.0 = Release|Any CPU
		{6D51253C-FA8C-4DC1-A53D-266E380D7408}.Debug|Any CPU.ActiveCfg = Debug|Any CPU
		{6D51253C-FA8C-4DC1-A53D-266E380D7408}.Debug|Any CPU.Build.0 = Debug|Any CPU
		{6D51253C-FA8C-4DC1-A53D-266E380D7408}.Release|Any CPU.ActiveCfg = Release|Any CPU
		{6D51253C-FA8C-4DC1-A53D-266E380D7408}.Release|Any CPU.Build.0 = Release|Any CPU
	EndGlobalSection
	GlobalSection(NestedProjects) = preSolution
		{9F026276-ECE3-4FF7-BEE3-5C7EF3437620} = {B1F42A80-22E8-40C0-9D12-0BD556020F49}
		{6D51253C-FA8C-4DC1-A53D-266E380D7408} = {A5A64160-B1D2-41B6-8009-566E318A7B80}
	EndGlobalSection
EndGlobal
